
Microsoft Visual Studio Solution File, Format Version 12.00
# Visual Studio 15
VisualStudioVersion = 15.0.26430.14
MinimumVisualStudioVersion = 10.0.40219.1
Project("{FAE04EC0-301F-11D3-BF4B-00C04F79EFBC}") = "SEQB", "SEQB\SEQB.csproj", "{4DC7DFCC-BE0D-4018-996E-5B2B853C55EE}"
EndProject
Project("{FAE04EC0-301F-11D3-BF4B-00C04F79EFBC}") = "SEQBTests", "SEQBTests\SEQBTests.csproj", "{73D51453-1CCB-4A36-ABA8-EC666A6476B5}"
EndProject
Project("{2150E333-8FDC-42A3-9474-1A3956D46DE8}") = "Solution Items", "Solution Items", "{E71D815F-5D3F-4A24-9620-FDEE8945A26B}"
	ProjectSection(SolutionItems) = preProject
		GlobalAssemblyInfo.cs = GlobalAssemblyInfo.cs
	EndProjectSection
EndProject
Global
	GlobalSection(SolutionConfigurationPlatforms) = preSolution
		Debug|Any CPU = Debug|Any CPU
		Release|Any CPU = Release|Any CPU
	EndGlobalSection
	GlobalSection(ProjectConfigurationPlatforms) = postSolution
		{4DC7DFCC-BE0D-4018-996E-5B2B853C55EE}.Debug|Any CPU.ActiveCfg = Debug|Any CPU
		{4DC7DFCC-BE0D-4018-996E-5B2B853C55EE}.Debug|Any CPU.Build.0 = Debug|Any CPU
		{4DC7DFCC-BE0D-4018-996E-5B2B853C55EE}.Release|Any CPU.ActiveCfg = Release|Any CPU
		{4DC7DFCC-BE0D-4018-996E-5B2B853C55EE}.Release|Any CPU.Build.0 = Release|Any CPU
		{73D51453-1CCB-4A36-ABA8-EC666A6476B5}.Debug|Any CPU.ActiveCfg = Debug|Any CPU
		{73D51453-1CCB-4A36-ABA8-EC666A6476B5}.Debug|Any CPU.Build.0 = Debug|Any CPU
		{73D51453-1CCB-4A36-ABA8-EC666A6476B5}.Release|Any CPU.ActiveCfg = Release|Any CPU
		{73D51453-1CCB-4A36-ABA8-EC666A6476B5}.Release|Any CPU.Build.0 = Release|Any CPU
	EndGlobalSection
	GlobalSection(SolutionProperties) = preSolution
		HideSolutionNode = FALSE
	EndGlobalSection
EndGlobal
